
Microsoft Visual Studio Solution File, Format Version 12.00
# Visual Studio Version 16
VisualStudioVersion = 16.0.30611.23
MinimumVisualStudioVersion = 10.0.40219.1
Project("{2150E333-8FDC-42A3-9474-1A3956D46DE8}") = "Presentation", "Presentation", "{C9120DAF-58D4-4C42-A9F1-3DCD5DFDBD15}"
EndProject
Project("{FAE04EC0-301F-11D3-BF4B-00C04F79EFBC}") = "PresentationApp", "PresentationApp\PresentationApp.csproj", "{42A94C86-ADDE-457A-BE44-E5C3E7705C18}"
EndProject
Global
	GlobalSection(SolutionConfigurationPlatforms) = preSolution
		Debug|Any CPU = Debug|Any CPU
		Release|Any CPU = Release|Any CPU
	EndGlobalSection
	GlobalSection(ProjectConfigurationPlatforms) = postSolution
		{42A94C86-ADDE-457A-BE44-E5C3E7705C18}.Debug|Any CPU.ActiveCfg = Debug|Any CPU
		{42A94C86-ADDE-457A-BE44-E5C3E7705C18}.Debug|Any CPU.Build.0 = Debug|Any CPU
		{42A94C86-ADDE-457A-BE44-E5C3E7705C18}.Release|Any CPU.ActiveCfg = Release|Any CPU
		{42A94C86-ADDE-457A-BE44-E5C3E7705C18}.Release|Any CPU.Build.0 = Release|Any CPU
	EndGlobalSection
	GlobalSection(SolutionProperties) = preSolution
		HideSolutionNode = FALSE
	EndGlobalSection
	GlobalSection(NestedProjects) = preSolution
		{42A94C86-ADDE-457A-BE44-E5C3E7705C18} = {C9120DAF-58D4-4C42-A9F1-3DCD5DFDBD15}
	EndGlobalSection
	GlobalSection(ExtensibilityGlobals) = postSolution
		SolutionGuid = {675F91F9-C9D3-40B0-B88E-21CC7DAEC4AF}
	EndGlobalSection
EndGlobal
